{
    "version": 3,
    "terraform_version": "0.11.10",
    "serial": 2,
    "lineage": "5e1454ae-4246-1b9c-d87f-a9446b65e573",
    "modules": [
        {
            "path": [
                "root"
            ],
            "outputs": {},
            "resources": {
                "aws_vpc.ecs_vpc": {
                    "type": "aws_vpc",
                    "depends_on": [],
                    "primary": {
                        "id": "vpc-0e021b40e6e9f7e22",
                        "attributes": {
                            "arn": "arn:aws:ec2:eu-central-1:472294787908:vpc/vpc-0e021b40e6e9f7e22",
                            "assign_generated_ipv6_cidr_block": "false",
                            "cidr_block": "10.0.0.0/16",
                            "default_network_acl_id": "acl-0f59748450f43dcdf",
                            "default_route_table_id": "rtb-0ecf34e713933e919",
                            "default_security_group_id": "sg-0c4a722df08b97bce",
                            "dhcp_options_id": "dopt-3451025f",
                            "enable_dns_hostnames": "false",
                            "enable_dns_support": "true",
                            "id": "vpc-0e021b40e6e9f7e22",
                            "instance_tenancy": "default",
                            "ipv6_association_id": "",
                            "ipv6_cidr_block": "",
                            "main_route_table_id": "rtb-0ecf34e713933e919",
                            "owner_id": "472294787908",
                            "tags.%": "1",
                            "tags.Name": "demo_ecs_vpc"
                        },
                        "meta": {
                            "schema_version": "1"
                        },
                        "tainted": false
                    },
                    "deposed": [],
                    "provider": "provider.aws"
                }
            },
            "depends_on": []
        }
    ]
}
